
Microsoft Visual Studio Solution File, Format Version 12.00
# Visual Studio Version 17
VisualStudioVersion = 17.5.33530.505
MinimumVisualStudioVersion = 10.0.40219.1
Project("{FAE04EC0-301F-11D3-BF4B-00C04F79EFBC}") = "CodingTracker", "CodingTracker\CodingTracker.csproj", "{D442A3BE-060E-47D9-9DBD-7E1CE76FC736}"
EndProject
Global
	GlobalSection(SolutionConfigurationPlatforms) = preSolution
		Debug|Any CPU = Debug|Any CPU
		Release|Any CPU = Release|Any CPU
	EndGlobalSection
	GlobalSection(ProjectConfigurationPlatforms) = postSolution
		{D442A3BE-060E-47D9-9DBD-7E1CE76FC736}.Debug|Any CPU.ActiveCfg = Debug|Any CPU
		{D442A3BE-060E-47D9-9DBD-7E1CE76FC736}.Debug|Any CPU.Build.0 = Debug|Any CPU
		{D442A3BE-060E-47D9-9DBD-7E1CE76FC736}.Release|Any CPU.ActiveCfg = Release|Any CPU
		{D442A3BE-060E-47D9-9DBD-7E1CE76FC736}.Release|Any CPU.Build.0 = Release|Any CPU
	EndGlobalSection
	GlobalSection(SolutionProperties) = preSolution
		HideSolutionNode = FALSE
	EndGlobalSection
	GlobalSection(ExtensibilityGlobals) = postSolution
		SolutionGuid = {E0C4EE2B-5411-4D88-9F05-04A9BEBE4FD0}
	EndGlobalSection
EndGlobal
